
Microsoft Visual Studio Solution File, Format Version 12.00
# Visual Studio 15
VisualStudioVersion = 15.0.27428.2043
MinimumVisualStudioVersion = 10.0.40219.1
Project("{FAE04EC0-301F-11D3-BF4B-00C04F79EFBC}") = "IA-project", "IA-project\IA-project.csproj", "{E760A9B9-1B96-43D5-BD26-3D65819E6D70}"
EndProject
Global
	GlobalSection(SolutionConfigurationPlatforms) = preSolution
		Debug|Any CPU = Debug|Any CPU
		Release|Any CPU = Release|Any CPU
	EndGlobalSection
	GlobalSection(ProjectConfigurationPlatforms) = postSolution
		{E760A9B9-1B96-43D5-BD26-3D65819E6D70}.Debug|Any CPU.ActiveCfg = Debug|Any CPU
		{E760A9B9-1B96-43D5-BD26-3D65819E6D70}.Debug|Any CPU.Build.0 = Debug|Any CPU
		{E760A9B9-1B96-43D5-BD26-3D65819E6D70}.Release|Any CPU.ActiveCfg = Release|Any CPU
		{E760A9B9-1B96-43D5-BD26-3D65819E6D70}.Release|Any CPU.Build.0 = Release|Any CPU
	EndGlobalSection
	GlobalSection(SolutionProperties) = preSolution
		HideSolutionNode = FALSE
	EndGlobalSection
	GlobalSection(ExtensibilityGlobals) = postSolution
		SolutionGuid = {D057DA44-D451-4380-A712-4801139A249F}
	EndGlobalSection
EndGlobal
